
Microsoft Visual Studio Solution File, Format Version 12.00
# Visual Studio Version 17
VisualStudioVersion = 17.1.32407.343
MinimumVisualStudioVersion = 10.0.40219.1
Project("{FAE04EC0-301F-11D3-BF4B-00C04F79EFBC}") = "QLSinhVien", "QLSinhVien\QLSinhVien.csproj", "{534C0D5F-6381-415D-A614-9C8B0DE9F2A9}"
EndProject
Project("{FAE04EC0-301F-11D3-BF4B-00C04F79EFBC}") = "QLSinhVien1_JSON", "QLSinhVien1_JSON\QLSinhVien1_JSON.csproj", "{8D76B516-57A9-40C3-8BB3-3319938F4566}"
EndProject
Project("{FAE04EC0-301F-11D3-BF4B-00C04F79EFBC}") = "QLSinhVien2_SQLServer", "QLSinhVien2_SQLServer\QLSinhVien2_SQLServer.csproj", "{1E16B7C3-015C-4A98-AE47-60DD2E00C33B}"
EndProject
Global
	GlobalSection(SolutionConfigurationPlatforms) = preSolution
		Debug|Any CPU = Debug|Any CPU
		Release|Any CPU = Release|Any CPU
	EndGlobalSection
	GlobalSection(ProjectConfigurationPlatforms) = postSolution
		{534C0D5F-6381-415D-A614-9C8B0DE9F2A9}.Debug|Any CPU.ActiveCfg = Debug|Any CPU
		{534C0D5F-6381-415D-A614-9C8B0DE9F2A9}.Debug|Any CPU.Build.0 = Debug|Any CPU
		{534C0D5F-6381-415D-A614-9C8B0DE9F2A9}.Release|Any CPU.ActiveCfg = Release|Any CPU
		{534C0D5F-6381-415D-A614-9C8B0DE9F2A9}.Release|Any CPU.Build.0 = Release|Any CPU
		{8D76B516-57A9-40C3-8BB3-3319938F4566}.Debug|Any CPU.ActiveCfg = Debug|Any CPU
		{8D76B516-57A9-40C3-8BB3-3319938F4566}.Debug|Any CPU.Build.0 = Debug|Any CPU
		{8D76B516-57A9-40C3-8BB3-3319938F4566}.Release|Any CPU.ActiveCfg = Release|Any CPU
		{8D76B516-57A9-40C3-8BB3-3319938F4566}.Release|Any CPU.Build.0 = Release|Any CPU
		{1E16B7C3-015C-4A98-AE47-60DD2E00C33B}.Debug|Any CPU.ActiveCfg = Debug|Any CPU
		{1E16B7C3-015C-4A98-AE47-60DD2E00C33B}.Debug|Any CPU.Build.0 = Debug|Any CPU
		{1E16B7C3-015C-4A98-AE47-60DD2E00C33B}.Release|Any CPU.ActiveCfg = Release|Any CPU
		{1E16B7C3-015C-4A98-AE47-60DD2E00C33B}.Release|Any CPU.Build.0 = Release|Any CPU
	EndGlobalSection
	GlobalSection(SolutionProperties) = preSolution
		HideSolutionNode = FALSE
	EndGlobalSection
	GlobalSection(ExtensibilityGlobals) = postSolution
		SolutionGuid = {02BF02D4-F4D0-4652-AAC6-22A69013CFF1}
	EndGlobalSection
EndGlobal
